# THIS IS AN AUTOGENERATED FILE. DO NOT EDIT THIS FILE DIRECTLY.
# yarn lockfile v1


"@material-tailwind/html@^2.0.0":
  version "2.0.0"
  resolved "https://registry.yarnpkg.com/@material-tailwind/html/-/html-2.0.0.tgz#028a1b01a19a354c9d1e61f6da57708d7439140c"
  integrity sha512-+om7F4fft1bejy3vWb9ZFYB3kRnFAtcgMUybi/0A5jvDJHR5rS+ieciBQ9K1GrZas4vx3adz1k7fV2+EFHmZ0A==
  dependencies:
    deepmerge "^4.2.2"
    material-ripple-effects "^2.0.1"

"@popperjs/core@^2.9.3":
  version "2.11.8"
  resolved "https://registry.yarnpkg.com/@popperjs/core/-/core-2.11.8.tgz#6b79032e760a0899cd4204710beede972a3a185f"
  integrity sha512-P1st0aksCrn9sGZhp8GMYwBnQsbvAWsZAX44oXNNvLHGqAOcoVxmjZiohstwQ7SqKnbR47akdNi+uleWD8+g6A==

deepmerge@^4.2.2:
  version "4.3.1"
  resolved "https://registry.yarnpkg.com/deepmerge/-/deepmerge-4.3.1.tgz#44b5f2147cd3b00d4b56137685966f26fd25dd4a"
  integrity sha512-3sUqbMEc77XqpdNO7FRyRog+eW3ph+GYCbj+rK+uYyRMuwsVy0rMiVtPn+QJlKFvWP/1PYpapqYn0Me2knFn+A==

flowbite@^1.8.0:
  version "1.8.0"
  resolved "https://registry.yarnpkg.com/flowbite/-/flowbite-1.8.0.tgz#e1ff53d5b51a05030ff715348a688f8fc6fab5df"
  integrity sha512-8IRvTPmNRoGEQ6lxhhFzTnBCPV8Ik8oFf15LnVR2u3O1GQ8cXHaMgEE0bsCL2DHRGvO4Ww9EitcRsGO7PTibvA==
  dependencies:
    "@popperjs/core" "^2.9.3"
    mini-svg-data-uri "^1.4.3"

material-ripple-effects@^2.0.1:
  version "2.0.1"
  resolved "https://registry.yarnpkg.com/material-ripple-effects/-/material-ripple-effects-2.0.1.tgz#47803d2ab1561698d930e2524a7a9a19fb2829b7"
  integrity sha512-hHlUkZAuXbP94lu02VgrPidbZ3hBtgXBtjlwR8APNqOIgDZMV8MCIcsclL8FmGJQHvnORyvoQgC965vPsiyXLQ==

mini-svg-data-uri@^1.4.3:
  version "1.4.4"
  resolved "https://registry.yarnpkg.com/mini-svg-data-uri/-/mini-svg-data-uri-1.4.4.tgz#8ab0aabcdf8c29ad5693ca595af19dd2ead09939"
  integrity sha512-r9deDe9p5FJUPZAk3A59wGH7Ii9YrjjWw0jmw/liSbHl2CHiyXj6FcDXDu2K3TjVAXqiJdaw3xxwlZZr9E6nHg==
